
Microsoft Visual Studio Solution File, Format Version 12.00
Project("{2150E333-8FDC-42A3-9474-1A3956D46DE8}") = "Domain", "Domain", "{F2FCA814-E0E7-482A-AB36-C796D196BF4E}"
EndProject
Project("{2150E333-8FDC-42A3-9474-1A3956D46DE8}") = "EntryPoints", "EntryPoints", "{7CF70599-41E6-4470-82F3-F595B35C610F}"
EndProject
Project("{2150E333-8FDC-42A3-9474-1A3956D46DE8}") = "UnitTests", "UnitTests", "{BB679098-EC76-484A-B9E5-A7FA1DF51CC5}"
EndProject
Project("{FAE04EC0-301F-11D3-BF4B-00C04F79EFBC}") = "UniversiteDomain", "UniversiteDomain\UniversiteDomain.csproj", "{A4FC12BF-6DD1-4A1F-A106-9A1370029C5F}"
EndProject
Project("{2150E333-8FDC-42A3-9474-1A3956D46DE8}") = "DataProviders", "DataProviders", "{A00F4FEC-4998-4058-9209-79FB3458D893}"
EndProject
Project("{FAE04EC0-301F-11D3-BF4B-00C04F79EFBC}") = "UniversiteDomainUnitTests", "UniversiteDomainUnitTests\UniversiteDomainUnitTests.csproj", "{9DC7A013-3889-48B6-98AF-83018AECA13D}"
EndProject
Project("{FAE04EC0-301F-11D3-BF4B-00C04F79EFBC}") = "UniversiteEFDataProvider", "UniversiteEFDataProvider\UniversiteEFDataProvider.csproj", "{1A10CB63-42DE-4D83-BBAD-E2EE41E8440E}"
EndProject
Project("{FAE04EC0-301F-11D3-BF4B-00C04F79EFBC}") = "UniversiteRestApi", "UniversiteRestApi\UniversiteRestApi.csproj", "{887A6A6A-29CE-40D6-AAC6-1A90A7B6C176}"
EndProject
Global
	GlobalSection(SolutionConfigurationPlatforms) = preSolution
		Debug|Any CPU = Debug|Any CPU
		Release|Any CPU = Release|Any CPU
	EndGlobalSection
	GlobalSection(ProjectConfigurationPlatforms) = postSolution
		{A4FC12BF-6DD1-4A1F-A106-9A1370029C5F}.Debug|Any CPU.ActiveCfg = Debug|Any CPU
		{A4FC12BF-6DD1-4A1F-A106-9A1370029C5F}.Debug|Any CPU.Build.0 = Debug|Any CPU
		{A4FC12BF-6DD1-4A1F-A106-9A1370029C5F}.Release|Any CPU.ActiveCfg = Release|Any CPU
		{A4FC12BF-6DD1-4A1F-A106-9A1370029C5F}.Release|Any CPU.Build.0 = Release|Any CPU
		{9DC7A013-3889-48B6-98AF-83018AECA13D}.Debug|Any CPU.ActiveCfg = Debug|Any CPU
		{9DC7A013-3889-48B6-98AF-83018AECA13D}.Debug|Any CPU.Build.0 = Debug|Any CPU
		{9DC7A013-3889-48B6-98AF-83018AECA13D}.Release|Any CPU.ActiveCfg = Release|Any CPU
		{9DC7A013-3889-48B6-98AF-83018AECA13D}.Release|Any CPU.Build.0 = Release|Any CPU
		{1A10CB63-42DE-4D83-BBAD-E2EE41E8440E}.Debug|Any CPU.ActiveCfg = Debug|Any CPU
		{1A10CB63-42DE-4D83-BBAD-E2EE41E8440E}.Debug|Any CPU.Build.0 = Debug|Any CPU
		{1A10CB63-42DE-4D83-BBAD-E2EE41E8440E}.Release|Any CPU.ActiveCfg = Release|Any CPU
		{1A10CB63-42DE-4D83-BBAD-E2EE41E8440E}.Release|Any CPU.Build.0 = Release|Any CPU
		{887A6A6A-29CE-40D6-AAC6-1A90A7B6C176}.Debug|Any CPU.ActiveCfg = Debug|Any CPU
		{887A6A6A-29CE-40D6-AAC6-1A90A7B6C176}.Debug|Any CPU.Build.0 = Debug|Any CPU
		{887A6A6A-29CE-40D6-AAC6-1A90A7B6C176}.Release|Any CPU.ActiveCfg = Release|Any CPU
		{887A6A6A-29CE-40D6-AAC6-1A90A7B6C176}.Release|Any CPU.Build.0 = Release|Any CPU
	EndGlobalSection
	GlobalSection(NestedProjects) = preSolution
		{A4FC12BF-6DD1-4A1F-A106-9A1370029C5F} = {F2FCA814-E0E7-482A-AB36-C796D196BF4E}
		{9DC7A013-3889-48B6-98AF-83018AECA13D} = {BB679098-EC76-484A-B9E5-A7FA1DF51CC5}
		{1A10CB63-42DE-4D83-BBAD-E2EE41E8440E} = {A00F4FEC-4998-4058-9209-79FB3458D893}
		{887A6A6A-29CE-40D6-AAC6-1A90A7B6C176} = {7CF70599-41E6-4470-82F3-F595B35C610F}
	EndGlobalSection
EndGlobal
